// !$*UTF8*$!
{
	archiveVersion = 1;
	classes = {
	};
	objectVersion = 46;
	objects = {

/* Begin PBXBuildFile section */
		698E78E41E88409D00797EDD /* main.m in Sources */ = {isa = PBXBuildFile; fileRef = 698E78E31E88409D00797EDD /* main.m */; };
		698E78E71E88409D00797EDD /* AppDelegate.m in Sources */ = {isa = PBXBuildFile; fileRef = 698E78E61E88409D00797EDD /* AppDelegate.m */; };
		698E78ED1E88409D00797EDD /* Main.storyboard in Resources */ = {isa = PBXBuildFile; fileRef = 698E78EB1E88409D00797EDD /* Main.storyboard */; };
		698E78EF1E88409D00797EDD /* Assets.xcassets in Resources */ = {isa = PBXBuildFile; fileRef = 698E78EE1E88409D00797EDD /* Assets.xcassets */; };
		698E78F21E88409D00797EDD /* LaunchScreen.storyboard in Resources */ = {isa = PBXBuildFile; fileRef = 698E78F01E88409D00797EDD /* LaunchScreen.storyboard */; };
		69EA15B91E886D590046D152 /* CollectionViewController.m in Sources */ = {isa = PBXBuildFile; fileRef = 69EA15B81E886D590046D152 /* CollectionViewController.m */; };
		69EA15BC1E886DCB0046D152 /* CollectionViewCell.m in Sources */ = {isa = PBXBuildFile; fileRef = 69EA15BB1E886DCB0046D152 /* CollectionViewCell.m */; };
		69EA15BF1E886E4B0046D152 /* PhotoObject.m in Sources */ = {isa = PBXBuildFile; fileRef = 69EA15BE1E886E4B0046D152 /* PhotoObject.m */; };
		69EA15C21E8879940046D152 /* DetailViewController.m in Sources */ = {isa = PBXBuildFile; fileRef = 69EA15C11E8879940046D152 /* DetailViewController.m */; };
/* End PBXBuildFile section */

/* Begin PBXFileReference section */
		698E78DF1E88409D00797EDD /* Cats.app */ = {isa = PBXFileReference; explicitFileType = wrapper.application; includeInIndex = 0; path = Cats.app; sourceTree = BUILT_PRODUCTS_DIR; };
		698E78E31E88409D00797EDD /* main.m */ = {isa = PBXFileReference; lastKnownFileType = sourcecode.c.objc; path = main.m; sourceTree = "<group>"; };
		698E78E51E88409D00797EDD /* AppDelegate.h */ = {isa = PBXFileReference; lastKnownFileType = sourcecode.c.h; path = AppDelegate.h; sourceTree = "<group>"; };
		698E78E61E88409D00797EDD /* AppDelegate.m */ = {isa = PBXFileReference; lastKnownFileType = sourcecode.c.objc; path = AppDelegate.m; sourceTree = "<group>"; };
		698E78EC1E88409D00797EDD /* Base */ = {isa = PBXFileReference; lastKnownFileType = file.storyboard; name = Base; path = Base.lproj/Main.storyboard; sourceTree = "<group>"; };
		698E78EE1E88409D00797EDD /* Assets.xcassets */ = {isa = PBXFileReference; lastKnownFileType = folder.assetcatalog; path = Assets.xcassets; sourceTree = "<group>"; };
		698E78F11E88409D00797EDD /* Base */ = {isa = PBXFileReference; lastKnownFileType = file.storyboard; name = Base; path = Base.lproj/LaunchScreen.storyboard; sourceTree = "<group>"; };
		698E78F31E88409D00797EDD /* Info.plist */ = {isa = PBXFileReference; lastKnownFileType = text.plist.xml; path = Info.plist; sourceTree = "<group>"; };
		69C9131C1E8AEF78004524F7 /* FlickrAPIKey.h */ = {isa = PBXFileReference; lastKnownFileType = sourcecode.c.h; path = FlickrAPIKey.h; sourceTree = "<group>"; };
		69EA15B71E886D590046D152 /* CollectionViewController.h */ = {isa = PBXFileReference; fileEncoding = 4; lastKnownFileType = sourcecode.c.h; path = CollectionViewController.h; sourceTree = "<group>"; };
		69EA15B81E886D590046D152 /* CollectionViewController.m */ = {isa = PBXFileReference; fileEncoding = 4; lastKnownFileType = sourcecode.c.objc; path = CollectionViewController.m; sourceTree = "<group>"; };
		69EA15BA1E886DCB0046D152 /* CollectionViewCell.h */ = {isa = PBXFileReference; fileEncoding = 4; lastKnownFileType = sourcecode.c.h; path = CollectionViewCell.h; sourceTree = "<group>"; };
		69EA15BB1E886DCB0046D152 /* CollectionViewCell.m */ = {isa = PBXFileReference; fileEncoding = 4; lastKnownFileType = sourcecode.c.objc; path = CollectionViewCell.m; sourceTree = "<group>"; };
		69EA15BD1E886E4B0046D152 /* PhotoObject.h */ = {isa = PBXFileReference; fileEncoding = 4; lastKnownFileType = sourcecode.c.h; path = PhotoObject.h; sourceTree = "<group>"; };
		69EA15BE1E886E4B0046D152 /* PhotoObject.m */ = {isa = PBXFileReference; fileEncoding = 4; lastKnownFileType = sourcecode.c.objc; path = PhotoObject.m; sourceTree = "<group>"; };
		69EA15C01E8879940046D152 /* DetailViewController.h */ = {isa = PBXFileReference; fileEncoding = 4; lastKnownFileType = sourcecode.c.h; path = DetailViewController.h; sourceTree = "<group>"; };
		69EA15C11E8879940046D152 /* DetailViewController.m */ = {isa = PBXFileReference; fileEncoding = 4; lastKnownFileType = sourcecode.c.objc; path = DetailViewController.m; sourceTree = "<group>"; };
/* End PBXFileReference section */

/* Begin PBXFrameworksBuildPhase section */
		698E78DC1E88409D00797EDD /* Frameworks */ = {
			isa = PBXFrameworksBuildPhase;
			buildActionMask = 2147483647;
			files = (
			);
			runOnlyForDeploymentPostprocessing = 0;
		};
/* End PBXFrameworksBuildPhase section */

/* Begin PBXGroup section */
		698E78D61E88409D00797EDD = {
			isa = PBXGroup;
			children = (
				698E78E11E88409D00797EDD /* Cats */,
				698E78E01E88409D00797EDD /* Products */,
			);
			sourceTree = "<group>";
		};
		698E78E01E88409D00797EDD /* Products */ = {
			isa = PBXGroup;
			children = (
				698E78DF1E88409D00797EDD /* Cats.app */,
			);
			name = Products;
			sourceTree = "<group>";
		};
		698E78E11E88409D00797EDD /* Cats */ = {
			isa = PBXGroup;
			children = (
				698E78EB1E88409D00797EDD /* Main.storyboard */,
				69EA15B71E886D590046D152 /* CollectionViewController.h */,
				69EA15B81E886D590046D152 /* CollectionViewController.m */,
				69C9131C1E8AEF78004524F7 /* FlickrAPIKey.h */,
				69EA15BD1E886E4B0046D152 /* PhotoObject.h */,
				69EA15BE1E886E4B0046D152 /* PhotoObject.m */,
				69EA15C01E8879940046D152 /* DetailViewController.h */,
				69EA15C11E8879940046D152 /* DetailViewController.m */,
				69EA15BA1E886DCB0046D152 /* CollectionViewCell.h */,
				69EA15BB1E886DCB0046D152 /* CollectionViewCell.m */,
				698E78EE1E88409D00797EDD /* Assets.xcassets */,
				698E78E21E88409D00797EDD /* Supporting Files */,
			);
			name = Cats;
			path = "CollectionView Practice1";
			sourceTree = "<group>";
		};
		698E78E21E88409D00797EDD /* Supporting Files */ = {
			isa = PBXGroup;
			children = (
				698E78F01E88409D00797EDD /* LaunchScreen.storyboard */,
				698E78F31E88409D00797EDD /* Info.plist */,
				698E78E51E88409D00797EDD /* AppDelegate.h */,
				698E78E61E88409D00797EDD /* AppDelegate.m */,
				698E78E31E88409D00797EDD /* main.m */,
			);
			name = "Supporting Files";
			sourceTree = "<group>";
		};
/* End PBXGroup section */

/* Begin PBXNativeTarget section */
		698E78DE1E88409D00797EDD /* Cats */ = {
			isa = PBXNativeTarget;
			buildConfigurationList = 698E78F61E88409D00797EDD /* Build configuration list for PBXNativeTarget "Cats" */;
			buildPhases = (
				698E78DB1E88409D00797EDD /* Sources */,
				698E78DC1E88409D00797EDD /* Frameworks */,
				698E78DD1E88409D00797EDD /* Resources */,
			);
			buildRules = (
			);
			dependencies = (
			);
			name = Cats;
			productName = "CollectionView Practice1";
			productReference = 698E78DF1E88409D00797EDD /* Cats.app */;
			productType = "com.apple.product-type.application";
		};
/* End PBXNativeTarget section */

/* Begin PBXProject section */
		698E78D71E88409D00797EDD /* Project object */ = {
			isa = PBXProject;
			attributes = {
				LastUpgradeCheck = 0820;
				ORGANIZATIONNAME = "Trevor MacGregor";
				TargetAttributes = {
					698E78DE1E88409D00797EDD = {
						CreatedOnToolsVersion = 8.2.1;
						ProvisioningStyle = Automatic;
					};
				};
			};
			buildConfigurationList = 698E78DA1E88409D00797EDD /* Build configuration list for PBXProject "Cats" */;
			compatibilityVersion = "Xcode 3.2";
			developmentRegion = English;
			hasScannedForEncodings = 0;
			knownRegions = (
				en,
				Base,
			);
			mainGroup = 698E78D61E88409D00797EDD;
			productRefGroup = 698E78E01E88409D00797EDD /* Products */;
			projectDirPath = "";
			projectRoot = "";
			targets = (
				698E78DE1E88409D00797EDD /* Cats */,
			);
		};
/* End PBXProject section */

/* Begin PBXResourcesBuildPhase section */
		698E78DD1E88409D00797EDD /* Resources */ = {
			isa = PBXResourcesBuildPhase;
			buildActionMask = 2147483647;
			files = (
				698E78F21E88409D00797EDD /* LaunchScreen.storyboard in Resources */,
				698E78EF1E88409D00797EDD /* Assets.xcassets in Resources */,
				698E78ED1E88409D00797EDD /* Main.storyboard in Resources */,
			);
			runOnlyForDeploymentPostprocessing = 0;
		};
/* End PBXResourcesBuildPhase section */

/* Begin PBXSourcesBuildPhase section */
		698E78DB1E88409D00797EDD /* Sources */ = {
			isa = PBXSourcesBuildPhase;
			buildActionMask = 2147483647;
			files = (
				69EA15BF1E886E4B0046D152 /* PhotoObject.m in Sources */,
				698E78E71E88409D00797EDD /* AppDelegate.m in Sources */,
				698E78E41E88409D00797EDD /* main.m in Sources */,
				69EA15BC1E886DCB0046D152 /* CollectionViewCell.m in Sources */,
				69EA15B91E886D590046D152 /* CollectionViewController.m in Sources */,
				69EA15C21E8879940046D152 /* DetailViewController.m in Sources */,
			);
			runOnlyForDeploymentPostprocessing = 0;
		};
/* End PBXSourcesBuildPhase section */

/* Begin PBXVariantGroup section */
		698E78EB1E88409D00797EDD /* Main.storyboard */ = {
			isa = PBXVariantGroup;
			children = (
				698E78EC1E88409D00797EDD /* Base */,
			);
			name = Main.storyboard;
			sourceTree = "<group>";
		};
		698E78F01E88409D00797EDD /* LaunchScreen.storyboard */ = {
			isa = PBXVariantGroup;
			children = (
				698E78F11E88409D00797EDD /* Base */,
			);
			name = LaunchScreen.storyboard;
			sourceTree = "<group>";
		};
/* End PBXVariantGroup section */

/* Begin XCBuildConfiguration section */
		698E78F41E88409D00797EDD /* Debug */ = {
			isa = XCBuildConfiguration;
			buildSettings = {
				ALWAYS_SEARCH_USER_PATHS = NO;
				CLANG_ANALYZER_NONNULL = YES;
				CLANG_CXX_LANGUAGE_STANDARD = "gnu++0x";
				CLANG_CXX_LIBRARY = "libc++";
				CLANG_ENABLE_MODULES = YES;
				CLANG_ENABLE_OBJC_ARC = YES;
				CLANG_WARN_BOOL_CONVERSION = YES;
				CLANG_WARN_CONSTANT_CONVERSION = YES;
				CLANG_WARN_DIRECT_OBJC_ISA_USAGE = YES_ERROR;
				CLANG_WARN_DOCUMENTATION_COMMENTS = YES;
				CLANG_WARN_EMPTY_BODY = YES;
				CLANG_WARN_ENUM_CONVERSION = YES;
				CLANG_WARN_INFINITE_RECURSION = YES;
				CLANG_WARN_INT_CONVERSION = YES;
				CLANG_WARN_OBJC_ROOT_CLASS = YES_ERROR;
				CLANG_WARN_SUSPICIOUS_MOVE = YES;
				CLANG_WARN_UNREACHABLE_CODE = YES;
				CLANG_WARN__DUPLICATE_METHOD_MATCH = YES;
				"CODE_SIGN_IDENTITY[sdk=iphoneos*]" = "iPhone Developer";
				COPY_PHASE_STRIP = NO;
				DEBUG_INFORMATION_FORMAT = dwarf;
				ENABLE_STRICT_OBJC_MSGSEND = YES;
				ENABLE_TESTABILITY = YES;
				GCC_C_LANGUAGE_STANDARD = gnu99;
				GCC_DYNAMIC_NO_PIC = NO;
				GCC_NO_COMMON_BLOCKS = YES;
				GCC_OPTIMIZATION_LEVEL = 0;
				GCC_PREPROCESSOR_DEFINITIONS = (
					"DEBUG=1",
					"$(inherited)",
				);
				GCC_WARN_64_TO_32_BIT_CONVERSION = YES;
				GCC_WARN_ABOUT_RETURN_TYPE = YES_ERROR;
				GCC_WARN_UNDECLARED_SELECTOR = YES;
				GCC_WARN_UNINITIALIZED_AUTOS = YES_AGGRESSIVE;
				GCC_WARN_UNUSED_FUNCTION = YES;
				GCC_WARN_UNUSED_VARIABLE = YES;
				IPHONEOS_DEPLOYMENT_TARGET = 10.2;
				MTL_ENABLE_DEBUG_INFO = YES;
				ONLY_ACTIVE_ARCH = YES;
				SDKROOT = iphoneos;
			};
			name = Debug;
		};
		698E78F51E88409D00797EDD /* Release */ = {
			isa = XCBuildConfiguration;
			buildSettings = {
				ALWAYS_SEARCH_USER_PATHS = NO;
				CLANG_ANALYZER_NONNULL = YES;
				CLANG_CXX_LANGUAGE_STANDARD = "gnu++0x";
				CLANG_CXX_LIBRARY = "libc++";
				CLANG_ENABLE_MODULES = YES;
				CLANG_ENABLE_OBJC_ARC = YES;
				CLANG_WARN_BOOL_CONVERSION = YES;
				CLANG_WARN_CONSTANT_CONVERSION = YES;
				CLANG_WARN_DIRECT_OBJC_ISA_USAGE = YES_ERROR;
				CLANG_WARN_DOCUMENTATION_COMMENTS = YES;
				CLANG_WARN_EMPTY_BODY = YES;
				CLANG_WARN_ENUM_CONVERSION = YES;
				CLANG_WARN_INFINITE_RECURSION = YES;
				CLANG_WARN_INT_CONVERSION = YES;
				CLANG_WARN_OBJC_ROOT_CLASS = YES_ERROR;
				CLANG_WARN_SUSPICIOUS_MOVE = YES;
				CLANG_WARN_UNREACHABLE_CODE = YES;
				CLANG_WARN__DUPLICATE_METHOD_MATCH = YES;
				"CODE_SIGN_IDENTITY[sdk=iphoneos*]" = "iPhone Developer";
				COPY_PHASE_STRIP = NO;
				DEBUG_INFORMATION_FORMAT = "dwarf-with-dsym";
				ENABLE_NS_ASSERTIONS = NO;
				ENABLE_STRICT_OBJC_MSGSEND = YES;
				GCC_C_LANGUAGE_STANDARD = gnu99;
				GCC_NO_COMMON_BLOCKS = YES;
				GCC_WARN_64_TO_32_BIT_CONVERSION = YES;
				GCC_WARN_ABOUT_RETURN_TYPE = YES_ERROR;
				GCC_WARN_UNDECLARED_SELECTOR = YES;
				GCC_WARN_UNINITIALIZED_AUTOS = YES_AGGRESSIVE;
				GCC_WARN_UNUSED_FUNCTION = YES;
				GCC_WARN_UNUSED_VARIABLE = YES;
				IPHONEOS_DEPLOYMENT_TARGET = 10.2;
				MTL_ENABLE_DEBUG_INFO = NO;
				SDKROOT = iphoneos;
				VALIDATE_PRODUCT = YES;
			};
			name = Release;
		};
		698E78F71E88409D00797EDD /* Debug */ = {
			isa = XCBuildConfiguration;
			buildSettings = {
				ASSETCATALOG_COMPILER_APPICON_NAME = AppIcon;
				INFOPLIST_FILE = "CollectionView Practice1/Info.plist";
				LD_RUNPATH_SEARCH_PATHS = "$(inherited) @executable_path/Frameworks";
				PRODUCT_BUNDLE_IDENTIFIER = TMac.Cats;
				PRODUCT_NAME = "$(TARGET_NAME)";
			};
			name = Debug;
		};
		698E78F81E88409D00797EDD /* Release */ = {
			isa = XCBuildConfiguration;
			buildSettings = {
				ASSETCATALOG_COMPILER_APPICON_NAME = AppIcon;
				INFOPLIST_FILE = "CollectionView Practice1/Info.plist";
				LD_RUNPATH_SEARCH_PATHS = "$(inherited) @executable_path/Frameworks";
				PRODUCT_BUNDLE_IDENTIFIER = TMac.Cats;
				PRODUCT_NAME = "$(TARGET_NAME)";
			};
			name = Release;
		};
/* End XCBuildConfiguration section */

/* Begin XCConfigurationList section */
		698E78DA1E88409D00797EDD /* Build configuration list for PBXProject "Cats" */ = {
			isa = XCConfigurationList;
			buildConfigurations = (
				698E78F41E88409D00797EDD /* Debug */,
				698E78F51E88409D00797EDD /* Release */,
			);
			defaultConfigurationIsVisible = 0;
			defaultConfigurationName = Release;
		};
		698E78F61E88409D00797EDD /* Build configuration list for PBXNativeTarget "Cats" */ = {
			isa = XCConfigurationList;
			buildConfigurations = (
				698E78F71E88409D00797EDD /* Debug */,
				698E78F81E88409D00797EDD /* Release */,
			);
			defaultConfigurationIsVisible = 0;
			defaultConfigurationName = Release;
		};
/* End XCConfigurationList section */
	};
	rootObject = 698E78D71E88409D00797EDD /* Project object */;
}
